
Microsoft Visual Studio Solution File, Format Version 12.00
# Visual Studio Version 17
VisualStudioVersion = 17.8.34302.71
MinimumVisualStudioVersion = 10.0.40219.1
Project("{9A19103F-16F7-4668-BE54-9A1E7A4F7556}") = "OmniselloTask", "OmniselloTask\OmniselloTask.csproj", "{2080AD8F-509F-422D-B02A-92A87BD8024E}"
EndProject
Project("{FAE04EC0-301F-11D3-BF4B-00C04F79EFBC}") = "Database", "Database\Database.csproj", "{4F198E3A-0974-465D-BEB3-AB458E4A9B7C}"
EndProject
Project("{FAE04EC0-301F-11D3-BF4B-00C04F79EFBC}") = "Repository", "Repository\Repository.csproj", "{EF7D4762-54BC-4CEB-9174-BBDB793B085C}"
EndProject
Global
	GlobalSection(SolutionConfigurationPlatforms) = preSolution
		Debug|Any CPU = Debug|Any CPU
		Release|Any CPU = Release|Any CPU
	EndGlobalSection
	GlobalSection(ProjectConfigurationPlatforms) = postSolution
		{2080AD8F-509F-422D-B02A-92A87BD8024E}.Debug|Any CPU.ActiveCfg = Debug|Any CPU
		{2080AD8F-509F-422D-B02A-92A87BD8024E}.Debug|Any CPU.Build.0 = Debug|Any CPU
		{2080AD8F-509F-422D-B02A-92A87BD8024E}.Release|Any CPU.ActiveCfg = Release|Any CPU
		{2080AD8F-509F-422D-B02A-92A87BD8024E}.Release|Any CPU.Build.0 = Release|Any CPU
		{4F198E3A-0974-465D-BEB3-AB458E4A9B7C}.Debug|Any CPU.ActiveCfg = Debug|Any CPU
		{4F198E3A-0974-465D-BEB3-AB458E4A9B7C}.Debug|Any CPU.Build.0 = Debug|Any CPU
		{4F198E3A-0974-465D-BEB3-AB458E4A9B7C}.Release|Any CPU.ActiveCfg = Release|Any CPU
		{4F198E3A-0974-465D-BEB3-AB458E4A9B7C}.Release|Any CPU.Build.0 = Release|Any CPU
		{EF7D4762-54BC-4CEB-9174-BBDB793B085C}.Debug|Any CPU.ActiveCfg = Debug|Any CPU
		{EF7D4762-54BC-4CEB-9174-BBDB793B085C}.Debug|Any CPU.Build.0 = Debug|Any CPU
		{EF7D4762-54BC-4CEB-9174-BBDB793B085C}.Release|Any CPU.ActiveCfg = Release|Any CPU
		{EF7D4762-54BC-4CEB-9174-BBDB793B085C}.Release|Any CPU.Build.0 = Release|Any CPU
	EndGlobalSection
	GlobalSection(SolutionProperties) = preSolution
		HideSolutionNode = FALSE
	EndGlobalSection
	GlobalSection(ExtensibilityGlobals) = postSolution
		SolutionGuid = {D2266E14-E10F-4CE6-96C1-53912D11B1AB}
	EndGlobalSection
EndGlobal
